# This file was autogenerated by Stack.
# You should not edit this file by hand.
# For more information, please see the documentation at:
#   https://docs.haskellstack.org/en/stable/topics/lock_files

packages:
- completed:
    hackage: storable-offset-0.1.0.0@sha256:1f94d4369daea19cc27e151e90dc652b3074cc565121bb5874f5d8b9e019b3d1,952
    pantry-tree:
      sha256: 13cc443c3acabb3c1901c7e6e179b6038e05d56af3e524a7bff2f30f408e289f
      size: 231
  original:
    hackage: storable-offset-0.1.0.0
- completed:
    hackage: webp-0.1.2.0@sha256:d7c850577627529b73857af71ff9a7af98ae178d6c0b05aa7fec4030d82a38d7,2426
    pantry-tree:
      sha256: 1d8a57c431dda8380a76647089a6fafd9084e9789fd9d9472037a59b3549d0b5
      size: 862
  original:
    hackage: webp-0.1.2.0
- completed:
    hackage: FULE-0.3.1.2@sha256:cc8fb1360afb3f8b3baae9bf7aa7fa1d024a6ea0e4042cacfe7b16debb5dde7c,2238
    pantry-tree:
      sha256: 7268edb90a9519e91001fde56863f1aa98712672b21a0d662ddc7f343c11d721
      size: 2206
  original:
    hackage: FULE-0.3.1.2
- completed:
    name: freetype2
    pantry-tree:
      sha256: 670c4a673afbefc446b91e445fd3b4a801bd5d6c555df5bae7721516739e24b6
      size: 48451
    sha256: 596cb18aa753c4286148fa00d772ceacd87fcc72913cadc1a7fcc5ba6e07507b
    size: 1801828
    url: https://github.com/dpwiz/freetype2/archive/d2acf926b5c448d8edd60e322862adcf2dbe9146.tar.gz
    version: 0.2.1
  original:
    url: https://github.com/dpwiz/freetype2/archive/d2acf926b5c448d8edd60e322862adcf2dbe9146.tar.gz
snapshots:
- completed:
    sha256: 7e724f347d5969cb5e8dde9f9aae30996e3231c29d1dafd45f21f1700d4c4fcb
    size: 684460
    url: https://raw.githubusercontent.com/commercialhaskell/stackage-snapshots/master/lts/23/28.yaml
  original: lts-23.28
