# This file was autogenerated by Stack.
# You should not edit this file by hand.
# For more information, please see the documentation at:
#   https://docs.haskellstack.org/en/stable/topics/lock_files

packages:
- completed:
    hackage: storable-offset-0.1.0.0@sha256:1f94d4369daea19cc27e151e90dc652b3074cc565121bb5874f5d8b9e019b3d1,952
    pantry-tree:
      sha256: 13cc443c3acabb3c1901c7e6e179b6038e05d56af3e524a7bff2f30f408e289f
      size: 231
  original:
    hackage: storable-offset-0.1.0.0
- completed:
    hackage: webp-0.1.2.0@sha256:d7c850577627529b73857af71ff9a7af98ae178d6c0b05aa7fec4030d82a38d7,2426
    pantry-tree:
      sha256: 1d8a57c431dda8380a76647089a6fafd9084e9789fd9d9472037a59b3549d0b5
      size: 862
  original:
    hackage: webp-0.1.2.0
- completed:
    name: FULE
    pantry-tree:
      sha256: 9f6e5b5fb12e050cc9b38c3bf9194b6ef738103cd0596346ecc5fa219dcb0725
      size: 2557
    sha256: c3efb2a0a1f826f19c56b537303221b8087049f0196f8ae9f4759b5006542341
    size: 33036
    url: https://github.com/ad-si/FULE/archive/c2546b4a6c82ce2bc35d8b1ef1e558b0dd560e01.tar.gz
    version: 0.3.1.2
  original:
    url: https://github.com/ad-si/FULE/archive/c2546b4a6c82ce2bc35d8b1ef1e558b0dd560e01.tar.gz
- completed:
    name: freetype2
    pantry-tree:
      sha256: 670c4a673afbefc446b91e445fd3b4a801bd5d6c555df5bae7721516739e24b6
      size: 48451
    sha256: 596cb18aa753c4286148fa00d772ceacd87fcc72913cadc1a7fcc5ba6e07507b
    size: 1801828
    url: https://github.com/dpwiz/freetype2/archive/d2acf926b5c448d8edd60e322862adcf2dbe9146.tar.gz
    version: 0.2.1
  original:
    url: https://github.com/dpwiz/freetype2/archive/d2acf926b5c448d8edd60e322862adcf2dbe9146.tar.gz
snapshots:
- completed:
    sha256: 7e724f347d5969cb5e8dde9f9aae30996e3231c29d1dafd45f21f1700d4c4fcb
    size: 684460
    url: https://raw.githubusercontent.com/commercialhaskell/stackage-snapshots/master/lts/23/28.yaml
  original: lts-23.28
